
Microsoft Visual Studio Solution File, Format Version 12.00
# Visual Studio Version 16
VisualStudioVersion = 16.0.30011.22
MinimumVisualStudioVersion = 10.0.40219.1
Project("{FAE04EC0-301F-11D3-BF4B-00C04F79EFBC}") = "CompositePattern", "CompositePattern\CompositePattern.csproj", "{906115F5-A60F-41B3-98E1-4A580B9D9188}"
EndProject
Global
	GlobalSection(SolutionConfigurationPlatforms) = preSolution
		Debug|Any CPU = Debug|Any CPU
		Release|Any CPU = Release|Any CPU
	EndGlobalSection
	GlobalSection(ProjectConfigurationPlatforms) = postSolution
		{906115F5-A60F-41B3-98E1-4A580B9D9188}.Debug|Any CPU.ActiveCfg = Debug|Any CPU
		{906115F5-A60F-41B3-98E1-4A580B9D9188}.Debug|Any CPU.Build.0 = Debug|Any CPU
		{906115F5-A60F-41B3-98E1-4A580B9D9188}.Release|Any CPU.ActiveCfg = Release|Any CPU
		{906115F5-A60F-41B3-98E1-4A580B9D9188}.Release|Any CPU.Build.0 = Release|Any CPU
	EndGlobalSection
	GlobalSection(SolutionProperties) = preSolution
		HideSolutionNode = FALSE
	EndGlobalSection
	GlobalSection(ExtensibilityGlobals) = postSolution
		SolutionGuid = {B55AC070-F6DB-4529-A9BE-61C5DB2F14E1}
	EndGlobalSection
EndGlobal
